// !$*UTF8*$!
{
	archiveVersion = 1;
	classes = {
	};
	objectVersion = 46;
	objects = {

/* Begin PBXBuildFile section */
		843371AD8AB6039EB5C5EB4362A01681 /* SRPPlist.h in Headers */ = {isa = PBXBuildFile; fileRef = C2B3F27492F5C0ED9725C9302E3C9469 /* SRPPlist.h */; settings = {ATTRIBUTES = (Public, ); }; };
		FBFB1C0D3FE2F00A0D8A0919CB1B13BF /* SRPPlist.m in Sources */ = {isa = PBXBuildFile; fileRef = E9660DC52417BCEEADFC6459FC3F841C /* SRPPlist.m */; };
/* End PBXBuildFile section */

/* Begin PBXFileReference section */
		5971AB1FEAAFE2CB4E427ECFDBB2DF15 /* SRPPlist.framework */ = {isa = PBXFileReference; explicitFileType = wrapper.framework; includeInIndex = 0; path = SRPPlist.framework; sourceTree = BUILT_PRODUCTS_DIR; };
		64F9674D1F9BADB9E3D71341B58E36D1 /* Info.plist */ = {isa = PBXFileReference; lastKnownFileType = text.plist.xml; path = Info.plist; sourceTree = "<group>"; };
		C2B3F27492F5C0ED9725C9302E3C9469 /* SRPPlist.h */ = {isa = PBXFileReference; lastKnownFileType = sourcecode.c.h; path = SRPPlist.h; sourceTree = "<group>"; };
		E9660DC52417BCEEADFC6459FC3F841C /* SRPPlist.m */ = {isa = PBXFileReference; fileEncoding = 4; lastKnownFileType = sourcecode.c.objc; path = SRPPlist.m; sourceTree = "<group>"; };
/* End PBXFileReference section */

/* Begin PBXFrameworksBuildPhase section */
		CE963EA82F450CCF1FAAC6E430AC3CCC /* Frameworks */ = {
			isa = PBXFrameworksBuildPhase;
			buildActionMask = 2147483647;
			files = (
			);
			runOnlyForDeploymentPostprocessing = 0;
		};
/* End PBXFrameworksBuildPhase section */

/* Begin PBXGroup section */
		737F69630FE31CAB2FF143CE8E685E73 /* Products */ = {
			isa = PBXGroup;
			children = (
				5971AB1FEAAFE2CB4E427ECFDBB2DF15 /* SRPPlist.framework */,
			);
			name = Products;
			sourceTree = "<group>";
		};
		8CFBBB1F05AE2FB89F6BED0DE1CBBE25 = {
			isa = PBXGroup;
			children = (
				737F69630FE31CAB2FF143CE8E685E73 /* Products */,
				BDCDBBAB82D00E803920744442944BC2 /* SRPPlist */,
			);
			sourceTree = "<group>";
		};
		BDCDBBAB82D00E803920744442944BC2 /* SRPPlist */ = {
			isa = PBXGroup;
			children = (
				64F9674D1F9BADB9E3D71341B58E36D1 /* Info.plist */,
				C2B3F27492F5C0ED9725C9302E3C9469 /* SRPPlist.h */,
				E9660DC52417BCEEADFC6459FC3F841C /* SRPPlist.m */,
			);
			path = SRPPlist;
			sourceTree = "<group>";
		};
/* End PBXGroup section */

/* Begin PBXHeadersBuildPhase section */
		37342B3E52B277976C31096E6A1BAF54 /* Headers */ = {
			isa = PBXHeadersBuildPhase;
			buildActionMask = 2147483647;
			files = (
				843371AD8AB6039EB5C5EB4362A01681 /* SRPPlist.h in Headers */,
			);
			runOnlyForDeploymentPostprocessing = 0;
		};
/* End PBXHeadersBuildPhase section */

/* Begin PBXNativeTarget section */
		BC9A6122755A9CD5C1C3833A2A04E897 /* SRPPlist */ = {
			isa = PBXNativeTarget;
			buildConfigurationList = E4D4EC9276A8E50E119E4FAAA1202CCA /* Build configuration list for PBXNativeTarget "SRPPlist" */;
			buildPhases = (
				55B5CE2A8F38E31788894EAB9BE30702 /* Sources */,
				CE963EA82F450CCF1FAAC6E430AC3CCC /* Frameworks */,
				37342B3E52B277976C31096E6A1BAF54 /* Headers */,
				757C84446F5A2CADAD5CCD628239C2B2 /* Resources */,
			);
			buildRules = (
			);
			dependencies = (
			);
			name = SRPPlist;
			productName = SRPPlist;
			productReference = 5971AB1FEAAFE2CB4E427ECFDBB2DF15 /* SRPPlist.framework */;
			productType = "com.apple.product-type.framework";
		};
/* End PBXNativeTarget section */

/* Begin PBXProject section */
		133D7E32C2E920A8E00F6657C99184B9 /* Project object */ = {
			isa = PBXProject;
			attributes = {
				LastUpgradeCheck = 0810;
				ORGANIZATIONNAME = ShinrenPan;
				TargetAttributes = {
					BC9A6122755A9CD5C1C3833A2A04E897 = {
						CreatedOnToolsVersion = 8.1;
						ProvisioningStyle = Automatic;
					};
				};
			};
			buildConfigurationList = B57EB6ACE6F123FCE71A7A906CBB38D1 /* Build configuration list for PBXProject "SRPPlist" */;
			compatibilityVersion = "Xcode 3.2";
			developmentRegion = English;
			hasScannedForEncodings = 0;
			knownRegions = (
				en,
			);
			mainGroup = 8CFBBB1F05AE2FB89F6BED0DE1CBBE25;
			productRefGroup = 737F69630FE31CAB2FF143CE8E685E73 /* Products */;
			projectDirPath = "";
			projectRoot = "";
			targets = (
				BC9A6122755A9CD5C1C3833A2A04E897 /* SRPPlist */,
			);
		};
/* End PBXProject section */

/* Begin PBXResourcesBuildPhase section */
		757C84446F5A2CADAD5CCD628239C2B2 /* Resources */ = {
			isa = PBXResourcesBuildPhase;
			buildActionMask = 2147483647;
			files = (
			);
			runOnlyForDeploymentPostprocessing = 0;
		};
/* End PBXResourcesBuildPhase section */

/* Begin PBXSourcesBuildPhase section */
		55B5CE2A8F38E31788894EAB9BE30702 /* Sources */ = {
			isa = PBXSourcesBuildPhase;
			buildActionMask = 2147483647;
			files = (
				FBFB1C0D3FE2F00A0D8A0919CB1B13BF /* SRPPlist.m in Sources */,
			);
			runOnlyForDeploymentPostprocessing = 0;
		};
/* End PBXSourcesBuildPhase section */

/* Begin XCBuildConfiguration section */
		61087063826A8E7148DE94F11E87BDAE /* Debug */ = {
			isa = XCBuildConfiguration;
			buildSettings = {
				ALWAYS_SEARCH_USER_PATHS = NO;
				CLANG_ANALYZER_NONNULL = YES;
				CLANG_CXX_LANGUAGE_STANDARD = "gnu++0x";
				CLANG_CXX_LIBRARY = "libc++";
				CLANG_ENABLE_MODULES = YES;
				CLANG_ENABLE_OBJC_ARC = YES;
				CLANG_WARN_BOOL_CONVERSION = YES;
				CLANG_WARN_CONSTANT_CONVERSION = YES;
				CLANG_WARN_DIRECT_OBJC_ISA_USAGE = YES_ERROR;
				CLANG_WARN_DOCUMENTATION_COMMENTS = YES;
				CLANG_WARN_EMPTY_BODY = YES;
				CLANG_WARN_ENUM_CONVERSION = YES;
				CLANG_WARN_INFINITE_RECURSION = YES;
				CLANG_WARN_INT_CONVERSION = YES;
				CLANG_WARN_OBJC_ROOT_CLASS = YES_ERROR;
				CLANG_WARN_SUSPICIOUS_MOVES = YES;
				CLANG_WARN_UNREACHABLE_CODE = YES;
				CLANG_WARN__DUPLICATE_METHOD_MATCH = YES;
				"CODE_SIGN_IDENTITY[sdk=iphoneos*]" = "iPhone Developer";
				COPY_PHASE_STRIP = NO;
				CURRENT_PROJECT_VERSION = 1;
				DEBUG_INFORMATION_FORMAT = dwarf;
				ENABLE_STRICT_OBJC_MSGSEND = YES;
				ENABLE_TESTABILITY = YES;
				GCC_C_LANGUAGE_STANDARD = gnu99;
				GCC_DYNAMIC_NO_PIC = NO;
				GCC_NO_COMMON_BLOCKS = YES;
				GCC_OPTIMIZATION_LEVEL = 0;
				GCC_PREPROCESSOR_DEFINITIONS = (
					"DEBUG=1",
					"$(inherited)",
				);
				GCC_WARN_64_TO_32_BIT_CONVERSION = YES;
				GCC_WARN_ABOUT_RETURN_TYPE = YES_ERROR;
				GCC_WARN_UNDECLARED_SELECTOR = YES;
				GCC_WARN_UNINITIALIZED_AUTOS = YES_AGGRESSIVE;
				GCC_WARN_UNUSED_FUNCTION = YES;
				GCC_WARN_UNUSED_VARIABLE = YES;
				IPHONEOS_DEPLOYMENT_TARGET = 9.0;
				MTL_ENABLE_DEBUG_INFO = YES;
				ONLY_ACTIVE_ARCH = YES;
				SDKROOT = iphoneos;
				TARGETED_DEVICE_FAMILY = "1,2";
				VERSIONING_SYSTEM = "apple-generic";
				VERSION_INFO_PREFIX = "";
			};
			name = Debug;
		};
		0D4D46061DFA202C906A77DF700ED1A1 /* Release */ = {
			isa = XCBuildConfiguration;
			buildSettings = {
				BITCODE_GENERATION_MODE = bitcode;
				CODE_SIGN_IDENTITY = "";
				DEFINES_MODULE = YES;
				DYLIB_COMPATIBILITY_VERSION = 1;
				DYLIB_CURRENT_VERSION = 1;
				DYLIB_INSTALL_NAME_BASE = "@rpath";
				INFOPLIST_FILE = SRPPlist/Info.plist;
				INSTALL_PATH = "$(LOCAL_LIBRARY_DIR)/Frameworks";
				IPHONEOS_DEPLOYMENT_TARGET = 9.0;
				LD_RUNPATH_SEARCH_PATHS = "$(inherited) @executable_path/Frameworks @loader_path/Frameworks";
				OTHER_CFLAGS = "-fembed-bitcode";
				PRODUCT_BUNDLE_IDENTIFIER = com.shinrenpan.SRPPlist;
				PRODUCT_NAME = "$(TARGET_NAME)";
				SKIP_INSTALL = YES;
			};
			name = Release;
		};
		9C391D6CF8AD2927C56408D1BC021CA5 /* Release */ = {
			isa = XCBuildConfiguration;
			buildSettings = {
				ALWAYS_SEARCH_USER_PATHS = NO;
				CLANG_ANALYZER_NONNULL = YES;
				CLANG_CXX_LANGUAGE_STANDARD = "gnu++0x";
				CLANG_CXX_LIBRARY = "libc++";
				CLANG_ENABLE_MODULES = YES;
				CLANG_ENABLE_OBJC_ARC = YES;
				CLANG_WARN_BOOL_CONVERSION = YES;
				CLANG_WARN_CONSTANT_CONVERSION = YES;
				CLANG_WARN_DIRECT_OBJC_ISA_USAGE = YES_ERROR;
				CLANG_WARN_DOCUMENTATION_COMMENTS = YES;
				CLANG_WARN_EMPTY_BODY = YES;
				CLANG_WARN_ENUM_CONVERSION = YES;
				CLANG_WARN_INFINITE_RECURSION = YES;
				CLANG_WARN_INT_CONVERSION = YES;
				CLANG_WARN_OBJC_ROOT_CLASS = YES_ERROR;
				CLANG_WARN_SUSPICIOUS_MOVES = YES;
				CLANG_WARN_UNREACHABLE_CODE = YES;
				CLANG_WARN__DUPLICATE_METHOD_MATCH = YES;
				"CODE_SIGN_IDENTITY[sdk=iphoneos*]" = "iPhone Developer";
				COPY_PHASE_STRIP = NO;
				CURRENT_PROJECT_VERSION = 1;
				DEBUG_INFORMATION_FORMAT = "dwarf-with-dsym";
				ENABLE_NS_ASSERTIONS = NO;
				ENABLE_STRICT_OBJC_MSGSEND = YES;
				GCC_C_LANGUAGE_STANDARD = gnu99;
				GCC_NO_COMMON_BLOCKS = YES;
				GCC_WARN_64_TO_32_BIT_CONVERSION = YES;
				GCC_WARN_ABOUT_RETURN_TYPE = YES_ERROR;
				GCC_WARN_UNDECLARED_SELECTOR = YES;
				GCC_WARN_UNINITIALIZED_AUTOS = YES_AGGRESSIVE;
				GCC_WARN_UNUSED_FUNCTION = YES;
				GCC_WARN_UNUSED_VARIABLE = YES;
				IPHONEOS_DEPLOYMENT_TARGET = 9.0;
				MTL_ENABLE_DEBUG_INFO = NO;
				SDKROOT = iphoneos;
				TARGETED_DEVICE_FAMILY = "1,2";
				VALIDATE_PRODUCT = YES;
				VERSIONING_SYSTEM = "apple-generic";
				VERSION_INFO_PREFIX = "";
			};
			name = Release;
		};
		2FFC02F2C4E7D63E2C89FF93ABEE1E9D /* Debug */ = {
			isa = XCBuildConfiguration;
			buildSettings = {
				BITCODE_GENERATION_MODE = marker;
				CODE_SIGN_IDENTITY = "";
				DEFINES_MODULE = YES;
				DYLIB_COMPATIBILITY_VERSION = 1;
				DYLIB_CURRENT_VERSION = 1;
				DYLIB_INSTALL_NAME_BASE = "@rpath";
				INFOPLIST_FILE = SRPPlist/Info.plist;
				INSTALL_PATH = "$(LOCAL_LIBRARY_DIR)/Frameworks";
				IPHONEOS_DEPLOYMENT_TARGET = 9.0;
				LD_RUNPATH_SEARCH_PATHS = "$(inherited) @executable_path/Frameworks @loader_path/Frameworks";
				OTHER_CFLAGS = "-fembed-bitcode-marker";
				PRODUCT_BUNDLE_IDENTIFIER = com.shinrenpan.SRPPlist;
				PRODUCT_NAME = "$(TARGET_NAME)";
				SKIP_INSTALL = YES;
			};
			name = Debug;
		};
/* End XCBuildConfiguration section */

/* Begin XCConfigurationList section */
		E4D4EC9276A8E50E119E4FAAA1202CCA /* Build configuration list for PBXNativeTarget "SRPPlist" */ = {
			isa = XCConfigurationList;
			buildConfigurations = (
				2FFC02F2C4E7D63E2C89FF93ABEE1E9D /* Debug */,
				0D4D46061DFA202C906A77DF700ED1A1 /* Release */,
			);
			defaultConfigurationIsVisible = 0;
			defaultConfigurationName = Release;
		};
		B57EB6ACE6F123FCE71A7A906CBB38D1 /* Build configuration list for PBXProject "SRPPlist" */ = {
			isa = XCConfigurationList;
			buildConfigurations = (
				61087063826A8E7148DE94F11E87BDAE /* Debug */,
				9C391D6CF8AD2927C56408D1BC021CA5 /* Release */,
			);
			defaultConfigurationIsVisible = 0;
			defaultConfigurationName = Release;
		};
/* End XCConfigurationList section */
	};
	rootObject = 133D7E32C2E920A8E00F6657C99184B9 /* Project object */;
}
